{
  "version": "5",
  "remote": {
    "https://edge.netlify.com/": "fd941d61d88673d5f28aab283fb86fcc50f08a3bc80ee5470498fcfa88c65cfb",
    "https://edge.netlify.com/bootstrap/config.ts": "6a2ce0e544e15e8f8883a5c18da5948e37fd0f2619f68cb31f3af53c51817025",
    "https://edge.netlify.com/bootstrap/context.ts": "e97240232121e2f369f6546ce961490f34d961ea1ea54be3ff09633e3f08373f",
    "https://edge.netlify.com/bootstrap/cookie.ts": "8b0baae708989ca183c6f3b4ab3d029e6abcbc2e43f93edeb0ff447b3bbc3a05",
    "https://edge.netlify.com/bootstrap/edge_function.ts": "b8253e86aa83c67341f5cfedeba5049d77fbf84dcab7eceff7566b7728ae9b39",
    "https://edge.netlify.com/bootstrap/globals/types.ts": "eaa6148ded3121d8dee62dd91c86e7fe76601df0f3ca8d7962243a30f4c8935f"
  },
  "workspace": {
    "packageJson": {
      "dependencies": [
        "npm:@babel/plugin-proposal-private-property-in-object@7.21.0-placeholder-for-preset-env.2",
        "npm:@emotion/react@^11.14.0",
        "npm:@emotion/styled@^11.14.1",
        "npm:@material-ui/core@^4.12.4",
        "npm:@material-ui/icons@^4.11.2",
        "npm:@testing-library/jest-dom@^4.2.4",
        "npm:@testing-library/react@^9.5.0",
        "npm:@testing-library/user-event@^7.2.1",
        "npm:@types/minimatch@^5.1.2",
        "npm:@types/react-router-dom@^5.3.3",
        "npm:axios@^1.10.0",
        "npm:body-parser@^1.20.3",
        "npm:bootstrap@^4.5.3",
        "npm:cubic-spline@^3.0.3",
        "npm:d3@^7.9.0",
        "npm:dom-to-image@^2.6.0",
        "npm:eslint-plugin-react-hooks@^4.0.8",
        "npm:express@^4.18.2",
        "npm:formik@^2.1.5",
        "npm:gh-pages@^2.2.0",
        "npm:google-spreadsheet@^4.1.1",
        "npm:got@^10.4.0",
        "npm:gsap@^3.13.0",
        "npm:html-webpack-plugin@^4.5.1",
        "npm:http-proxy-middleware@^2.0.9",
        "npm:ip@^1.1.8",
        "npm:leaflet@^1.9.4",
        "npm:luxon@^3.4.4",
        "npm:material-icons@^1.13.12",
        "npm:mobx@^5.15.6",
        "npm:moment@^2.30.1",
        "npm:node-fetch@^2.6.1",
        "npm:openmeteo@^1.1.3",
        "npm:pbkdf2@^3.1.3",
        "npm:postcss-safe-parser@6",
        "npm:querystring@0.2",
        "npm:react-big-calendar@^1.19.4",
        "npm:react-bootstrap@^1.4.0",
        "npm:react-currency-input-field@^3.6.10",
        "npm:react-date-picker@^8.0.1",
        "npm:react-datetime-picker@^3.0.1",
        "npm:react-dom@^17.0.2",
        "npm:react-icons@^4.2.0",
        "npm:react-query@^3.39.3",
        "npm:react-redux@^7.2.2",
        "npm:react-router-dom@^5.2.0",
        "npm:react-scripts@^4.0.3",
        "npm:react-time-picker@7",
        "npm:react-ts-tradingview-widgets@^1.2.8",
        "npm:react-use@^17.6.0",
        "npm:react@^17.0.2",
        "npm:reactor@^13.0.4",
        "npm:recharts@^2.15.4",
        "npm:redux-form@^8.3.7",
        "npm:redux-thunk@^2.3.0",
        "npm:redux@^4.0.5",
        "npm:rollup@^2.79.2",
        "npm:rss-parser@^3.13.0",
        "npm:save-dev@0.0.1-security",
        "npm:three@0.182",
        "npm:typescript@^4.9.5",
        "npm:unirest@0.6",
        "npm:uuid@10",
        "npm:webpack-cli@^4.4.0",
        "npm:write@2",
        "npm:ws@^8.17.1",
        "npm:xml2js@~0.6.2",
        "npm:yup@~0.29.3"
      ],
      "overrides": {
        "node-forge": "^1.3.1"
      }
    }
  }
}
